// !$*UTF8*$!
{
	archiveVersion = 1;
	classes = {
	};
	objectVersion = 46;
	objects = {

/* Begin PBXBuildFile section */
		62E84E791CC017840095D85C /* main.m in Sources */ = {isa = PBXBuildFile; fileRef = 62E84E781CC017840095D85C /* main.m */; };
		62E84E7C1CC017840095D85C /* AppDelegate.m in Sources */ = {isa = PBXBuildFile; fileRef = 62E84E7B1CC017840095D85C /* AppDelegate.m */; };
		62E84E7F1CC017840095D85C /* ViewController.m in Sources */ = {isa = PBXBuildFile; fileRef = 62E84E7E1CC017840095D85C /* ViewController.m */; };
		62E84E821CC017840095D85C /* Main.storyboard in Resources */ = {isa = PBXBuildFile; fileRef = 62E84E801CC017840095D85C /* Main.storyboard */; };
		62E84E841CC017840095D85C /* Assets.xcassets in Resources */ = {isa = PBXBuildFile; fileRef = 62E84E831CC017840095D85C /* Assets.xcassets */; };
		62E84E871CC017840095D85C /* LaunchScreen.storyboard in Resources */ = {isa = PBXBuildFile; fileRef = 62E84E851CC017840095D85C /* LaunchScreen.storyboard */; };
		62E84E991CC0202D0095D85C /* Hangman01.png in Resources */ = {isa = PBXBuildFile; fileRef = 62E84E8F1CC0202D0095D85C /* Hangman01.png */; };
		62E84E9A1CC0202D0095D85C /* Hangman02.png in Resources */ = {isa = PBXBuildFile; fileRef = 62E84E901CC0202D0095D85C /* Hangman02.png */; };
		62E84E9B1CC0202D0095D85C /* Hangman03.png in Resources */ = {isa = PBXBuildFile; fileRef = 62E84E911CC0202D0095D85C /* Hangman03.png */; };
		62E84E9C1CC0202D0095D85C /* Hangman04.png in Resources */ = {isa = PBXBuildFile; fileRef = 62E84E921CC0202D0095D85C /* Hangman04.png */; };
		62E84E9D1CC0202D0095D85C /* Hangman05.png in Resources */ = {isa = PBXBuildFile; fileRef = 62E84E931CC0202D0095D85C /* Hangman05.png */; };
		62E84E9E1CC0202D0095D85C /* Hangman06.png in Resources */ = {isa = PBXBuildFile; fileRef = 62E84E941CC0202D0095D85C /* Hangman06.png */; };
		62E84E9F1CC0202D0095D85C /* Hangman07.png in Resources */ = {isa = PBXBuildFile; fileRef = 62E84E951CC0202D0095D85C /* Hangman07.png */; };
		62E84EA01CC0202D0095D85C /* Hangman08.png in Resources */ = {isa = PBXBuildFile; fileRef = 62E84E961CC0202D0095D85C /* Hangman08.png */; };
		62E84EA11CC0202D0095D85C /* Hangman09.png in Resources */ = {isa = PBXBuildFile; fileRef = 62E84E971CC0202D0095D85C /* Hangman09.png */; };
		62E84EA21CC0202D0095D85C /* Hangman10.png in Resources */ = {isa = PBXBuildFile; fileRef = 62E84E981CC0202D0095D85C /* Hangman10.png */; };
		62E84EA41CC020470095D85C /* WordSetApple.csv in Resources */ = {isa = PBXBuildFile; fileRef = 62E84EA31CC020470095D85C /* WordSetApple.csv */; };
/* End PBXBuildFile section */

/* Begin PBXFileReference section */
		62E84E741CC017840095D85C /* Hangman.app */ = {isa = PBXFileReference; explicitFileType = wrapper.application; includeInIndex = 0; path = Hangman.app; sourceTree = BUILT_PRODUCTS_DIR; };
		62E84E781CC017840095D85C /* main.m */ = {isa = PBXFileReference; lastKnownFileType = sourcecode.c.objc; path = main.m; sourceTree = "<group>"; };
		62E84E7A1CC017840095D85C /* AppDelegate.h */ = {isa = PBXFileReference; lastKnownFileType = sourcecode.c.h; path = AppDelegate.h; sourceTree = "<group>"; };
		62E84E7B1CC017840095D85C /* AppDelegate.m */ = {isa = PBXFileReference; lastKnownFileType = sourcecode.c.objc; path = AppDelegate.m; sourceTree = "<group>"; };
		62E84E7D1CC017840095D85C /* ViewController.h */ = {isa = PBXFileReference; lastKnownFileType = sourcecode.c.h; path = ViewController.h; sourceTree = "<group>"; };
		62E84E7E1CC017840095D85C /* ViewController.m */ = {isa = PBXFileReference; lastKnownFileType = sourcecode.c.objc; path = ViewController.m; sourceTree = "<group>"; };
		62E84E811CC017840095D85C /* Base */ = {isa = PBXFileReference; lastKnownFileType = file.storyboard; name = Base; path = Base.lproj/Main.storyboard; sourceTree = "<group>"; };
		62E84E831CC017840095D85C /* Assets.xcassets */ = {isa = PBXFileReference; lastKnownFileType = folder.assetcatalog; path = Assets.xcassets; sourceTree = "<group>"; };
		62E84E861CC017840095D85C /* Base */ = {isa = PBXFileReference; lastKnownFileType = file.storyboard; name = Base; path = Base.lproj/LaunchScreen.storyboard; sourceTree = "<group>"; };
		62E84E881CC017840095D85C /* Info.plist */ = {isa = PBXFileReference; lastKnownFileType = text.plist.xml; path = Info.plist; sourceTree = "<group>"; };
		62E84E8F1CC0202D0095D85C /* Hangman01.png */ = {isa = PBXFileReference; lastKnownFileType = image.png; path = Hangman01.png; sourceTree = "<group>"; };
		62E84E901CC0202D0095D85C /* Hangman02.png */ = {isa = PBXFileReference; lastKnownFileType = image.png; path = Hangman02.png; sourceTree = "<group>"; };
		62E84E911CC0202D0095D85C /* Hangman03.png */ = {isa = PBXFileReference; lastKnownFileType = image.png; path = Hangman03.png; sourceTree = "<group>"; };
		62E84E921CC0202D0095D85C /* Hangman04.png */ = {isa = PBXFileReference; lastKnownFileType = image.png; path = Hangman04.png; sourceTree = "<group>"; };
		62E84E931CC0202D0095D85C /* Hangman05.png */ = {isa = PBXFileReference; lastKnownFileType = image.png; path = Hangman05.png; sourceTree = "<group>"; };
		62E84E941CC0202D0095D85C /* Hangman06.png */ = {isa = PBXFileReference; lastKnownFileType = image.png; path = Hangman06.png; sourceTree = "<group>"; };
		62E84E951CC0202D0095D85C /* Hangman07.png */ = {isa = PBXFileReference; lastKnownFileType = image.png; path = Hangman07.png; sourceTree = "<group>"; };
		62E84E961CC0202D0095D85C /* Hangman08.png */ = {isa = PBXFileReference; lastKnownFileType = image.png; path = Hangman08.png; sourceTree = "<group>"; };
		62E84E971CC0202D0095D85C /* Hangman09.png */ = {isa = PBXFileReference; lastKnownFileType = image.png; path = Hangman09.png; sourceTree = "<group>"; };
		62E84E981CC0202D0095D85C /* Hangman10.png */ = {isa = PBXFileReference; lastKnownFileType = image.png; path = Hangman10.png; sourceTree = "<group>"; };
		62E84EA31CC020470095D85C /* WordSetApple.csv */ = {isa = PBXFileReference; fileEncoding = 4; lastKnownFileType = text; path = WordSetApple.csv; sourceTree = "<group>"; };
/* End PBXFileReference section */

/* Begin PBXFrameworksBuildPhase section */
		62E84E711CC017840095D85C /* Frameworks */ = {
			isa = PBXFrameworksBuildPhase;
			buildActionMask = 2147483647;
			files = (
			);
			runOnlyForDeploymentPostprocessing = 0;
		};
/* End PBXFrameworksBuildPhase section */

/* Begin PBXGroup section */
		62E84E6B1CC017840095D85C = {
			isa = PBXGroup;
			children = (
				62E84E761CC017840095D85C /* Hangman */,
				62E84E751CC017840095D85C /* Products */,
			);
			sourceTree = "<group>";
		};
		62E84E751CC017840095D85C /* Products */ = {
			isa = PBXGroup;
			children = (
				62E84E741CC017840095D85C /* Hangman.app */,
			);
			name = Products;
			sourceTree = "<group>";
		};
		62E84E761CC017840095D85C /* Hangman */ = {
			isa = PBXGroup;
			children = (
				62E84E7A1CC017840095D85C /* AppDelegate.h */,
				62E84E7B1CC017840095D85C /* AppDelegate.m */,
				62E84E7D1CC017840095D85C /* ViewController.h */,
				62E84E7E1CC017840095D85C /* ViewController.m */,
				62E84EA31CC020470095D85C /* WordSetApple.csv */,
				62E84E8E1CC0202D0095D85C /* Images */,
				62E84E801CC017840095D85C /* Main.storyboard */,
				62E84E831CC017840095D85C /* Assets.xcassets */,
				62E84E851CC017840095D85C /* LaunchScreen.storyboard */,
				62E84E881CC017840095D85C /* Info.plist */,
				62E84E771CC017840095D85C /* Supporting Files */,
			);
			path = Hangman;
			sourceTree = "<group>";
		};
		62E84E771CC017840095D85C /* Supporting Files */ = {
			isa = PBXGroup;
			children = (
				62E84E781CC017840095D85C /* main.m */,
			);
			name = "Supporting Files";
			sourceTree = "<group>";
		};
		62E84E8E1CC0202D0095D85C /* Images */ = {
			isa = PBXGroup;
			children = (
				62E84E8F1CC0202D0095D85C /* Hangman01.png */,
				62E84E901CC0202D0095D85C /* Hangman02.png */,
				62E84E911CC0202D0095D85C /* Hangman03.png */,
				62E84E921CC0202D0095D85C /* Hangman04.png */,
				62E84E931CC0202D0095D85C /* Hangman05.png */,
				62E84E941CC0202D0095D85C /* Hangman06.png */,
				62E84E951CC0202D0095D85C /* Hangman07.png */,
				62E84E961CC0202D0095D85C /* Hangman08.png */,
				62E84E971CC0202D0095D85C /* Hangman09.png */,
				62E84E981CC0202D0095D85C /* Hangman10.png */,
			);
			path = Images;
			sourceTree = "<group>";
		};
/* End PBXGroup section */

/* Begin PBXNativeTarget section */
		62E84E731CC017840095D85C /* Hangman */ = {
			isa = PBXNativeTarget;
			buildConfigurationList = 62E84E8B1CC017840095D85C /* Build configuration list for PBXNativeTarget "Hangman" */;
			buildPhases = (
				62E84E701CC017840095D85C /* Sources */,
				62E84E711CC017840095D85C /* Frameworks */,
				62E84E721CC017840095D85C /* Resources */,
			);
			buildRules = (
			);
			dependencies = (
			);
			name = Hangman;
			productName = Hangman;
			productReference = 62E84E741CC017840095D85C /* Hangman.app */;
			productType = "com.apple.product-type.application";
		};
/* End PBXNativeTarget section */

/* Begin PBXProject section */
		62E84E6C1CC017840095D85C /* Project object */ = {
			isa = PBXProject;
			attributes = {
				LastUpgradeCheck = 0730;
				ORGANIZATIONNAME = "Demond Childers";
				TargetAttributes = {
					62E84E731CC017840095D85C = {
						CreatedOnToolsVersion = 7.3;
					};
				};
			};
			buildConfigurationList = 62E84E6F1CC017840095D85C /* Build configuration list for PBXProject "Hangman" */;
			compatibilityVersion = "Xcode 3.2";
			developmentRegion = English;
			hasScannedForEncodings = 0;
			knownRegions = (
				en,
				Base,
			);
			mainGroup = 62E84E6B1CC017840095D85C;
			productRefGroup = 62E84E751CC017840095D85C /* Products */;
			projectDirPath = "";
			projectRoot = "";
			targets = (
				62E84E731CC017840095D85C /* Hangman */,
			);
		};
/* End PBXProject section */

/* Begin PBXResourcesBuildPhase section */
		62E84E721CC017840095D85C /* Resources */ = {
			isa = PBXResourcesBuildPhase;
			buildActionMask = 2147483647;
			files = (
				62E84E871CC017840095D85C /* LaunchScreen.storyboard in Resources */,
				62E84EA01CC0202D0095D85C /* Hangman08.png in Resources */,
				62E84E841CC017840095D85C /* Assets.xcassets in Resources */,
				62E84E821CC017840095D85C /* Main.storyboard in Resources */,
				62E84E991CC0202D0095D85C /* Hangman01.png in Resources */,
				62E84E9A1CC0202D0095D85C /* Hangman02.png in Resources */,
				62E84E9E1CC0202D0095D85C /* Hangman06.png in Resources */,
				62E84E9C1CC0202D0095D85C /* Hangman04.png in Resources */,
				62E84E9B1CC0202D0095D85C /* Hangman03.png in Resources */,
				62E84E9D1CC0202D0095D85C /* Hangman05.png in Resources */,
				62E84EA41CC020470095D85C /* WordSetApple.csv in Resources */,
				62E84E9F1CC0202D0095D85C /* Hangman07.png in Resources */,
				62E84EA11CC0202D0095D85C /* Hangman09.png in Resources */,
				62E84EA21CC0202D0095D85C /* Hangman10.png in Resources */,
			);
			runOnlyForDeploymentPostprocessing = 0;
		};
/* End PBXResourcesBuildPhase section */

/* Begin PBXSourcesBuildPhase section */
		62E84E701CC017840095D85C /* Sources */ = {
			isa = PBXSourcesBuildPhase;
			buildActionMask = 2147483647;
			files = (
				62E84E7F1CC017840095D85C /* ViewController.m in Sources */,
				62E84E7C1CC017840095D85C /* AppDelegate.m in Sources */,
				62E84E791CC017840095D85C /* main.m in Sources */,
			);
			runOnlyForDeploymentPostprocessing = 0;
		};
/* End PBXSourcesBuildPhase section */

/* Begin PBXVariantGroup section */
		62E84E801CC017840095D85C /* Main.storyboard */ = {
			isa = PBXVariantGroup;
			children = (
				62E84E811CC017840095D85C /* Base */,
			);
			name = Main.storyboard;
			sourceTree = "<group>";
		};
		62E84E851CC017840095D85C /* LaunchScreen.storyboard */ = {
			isa = PBXVariantGroup;
			children = (
				62E84E861CC017840095D85C /* Base */,
			);
			name = LaunchScreen.storyboard;
			sourceTree = "<group>";
		};
/* End PBXVariantGroup section */

/* Begin XCBuildConfiguration section */
		62E84E891CC017840095D85C /* Debug */ = {
			isa = XCBuildConfiguration;
			buildSettings = {
				ALWAYS_SEARCH_USER_PATHS = NO;
				CLANG_ANALYZER_NONNULL = YES;
				CLANG_CXX_LANGUAGE_STANDARD = "gnu++0x";
				CLANG_CXX_LIBRARY = "libc++";
				CLANG_ENABLE_MODULES = YES;
				CLANG_ENABLE_OBJC_ARC = YES;
				CLANG_WARN_BOOL_CONVERSION = YES;
				CLANG_WARN_CONSTANT_CONVERSION = YES;
				CLANG_WARN_DIRECT_OBJC_ISA_USAGE = YES_ERROR;
				CLANG_WARN_EMPTY_BODY = YES;
				CLANG_WARN_ENUM_CONVERSION = YES;
				CLANG_WARN_INT_CONVERSION = YES;
				CLANG_WARN_OBJC_ROOT_CLASS = YES_ERROR;
				CLANG_WARN_UNREACHABLE_CODE = YES;
				CLANG_WARN__DUPLICATE_METHOD_MATCH = YES;
				"CODE_SIGN_IDENTITY[sdk=iphoneos*]" = "iPhone Developer";
				COPY_PHASE_STRIP = NO;
				DEBUG_INFORMATION_FORMAT = dwarf;
				ENABLE_STRICT_OBJC_MSGSEND = YES;
				ENABLE_TESTABILITY = YES;
				GCC_C_LANGUAGE_STANDARD = gnu99;
				GCC_DYNAMIC_NO_PIC = NO;
				GCC_NO_COMMON_BLOCKS = YES;
				GCC_OPTIMIZATION_LEVEL = 0;
				GCC_PREPROCESSOR_DEFINITIONS = (
					"DEBUG=1",
					"$(inherited)",
				);
				GCC_WARN_64_TO_32_BIT_CONVERSION = YES;
				GCC_WARN_ABOUT_RETURN_TYPE = YES_ERROR;
				GCC_WARN_UNDECLARED_SELECTOR = YES;
				GCC_WARN_UNINITIALIZED_AUTOS = YES_AGGRESSIVE;
				GCC_WARN_UNUSED_FUNCTION = YES;
				GCC_WARN_UNUSED_VARIABLE = YES;
				IPHONEOS_DEPLOYMENT_TARGET = 9.3;
				MTL_ENABLE_DEBUG_INFO = YES;
				ONLY_ACTIVE_ARCH = YES;
				SDKROOT = iphoneos;
				TARGETED_DEVICE_FAMILY = "1,2";
			};
			name = Debug;
		};
		62E84E8A1CC017840095D85C /* Release */ = {
			isa = XCBuildConfiguration;
			buildSettings = {
				ALWAYS_SEARCH_USER_PATHS = NO;
				CLANG_ANALYZER_NONNULL = YES;
				CLANG_CXX_LANGUAGE_STANDARD = "gnu++0x";
				CLANG_CXX_LIBRARY = "libc++";
				CLANG_ENABLE_MODULES = YES;
				CLANG_ENABLE_OBJC_ARC = YES;
				CLANG_WARN_BOOL_CONVERSION = YES;
				CLANG_WARN_CONSTANT_CONVERSION = YES;
				CLANG_WARN_DIRECT_OBJC_ISA_USAGE = YES_ERROR;
				CLANG_WARN_EMPTY_BODY = YES;
				CLANG_WARN_ENUM_CONVERSION = YES;
				CLANG_WARN_INT_CONVERSION = YES;
				CLANG_WARN_OBJC_ROOT_CLASS = YES_ERROR;
				CLANG_WARN_UNREACHABLE_CODE = YES;
				CLANG_WARN__DUPLICATE_METHOD_MATCH = YES;
				"CODE_SIGN_IDENTITY[sdk=iphoneos*]" = "iPhone Developer";
				COPY_PHASE_STRIP = NO;
				DEBUG_INFORMATION_FORMAT = "dwarf-with-dsym";
				ENABLE_NS_ASSERTIONS = NO;
				ENABLE_STRICT_OBJC_MSGSEND = YES;
				GCC_C_LANGUAGE_STANDARD = gnu99;
				GCC_NO_COMMON_BLOCKS = YES;
				GCC_WARN_64_TO_32_BIT_CONVERSION = YES;
				GCC_WARN_ABOUT_RETURN_TYPE = YES_ERROR;
				GCC_WARN_UNDECLARED_SELECTOR = YES;
				GCC_WARN_UNINITIALIZED_AUTOS = YES_AGGRESSIVE;
				GCC_WARN_UNUSED_FUNCTION = YES;
				GCC_WARN_UNUSED_VARIABLE = YES;
				IPHONEOS_DEPLOYMENT_TARGET = 9.3;
				MTL_ENABLE_DEBUG_INFO = NO;
				SDKROOT = iphoneos;
				TARGETED_DEVICE_FAMILY = "1,2";
				VALIDATE_PRODUCT = YES;
			};
			name = Release;
		};
		62E84E8C1CC017840095D85C /* Debug */ = {
			isa = XCBuildConfiguration;
			buildSettings = {
				ASSETCATALOG_COMPILER_APPICON_NAME = AppIcon;
				INFOPLIST_FILE = Hangman/Info.plist;
				LD_RUNPATH_SEARCH_PATHS = "$(inherited) @executable_path/Frameworks";
				PRODUCT_BUNDLE_IDENTIFIER = com.Childers.Hangman;
				PRODUCT_NAME = "$(TARGET_NAME)";
			};
			name = Debug;
		};
		62E84E8D1CC017840095D85C /* Release */ = {
			isa = XCBuildConfiguration;
			buildSettings = {
				ASSETCATALOG_COMPILER_APPICON_NAME = AppIcon;
				INFOPLIST_FILE = Hangman/Info.plist;
				LD_RUNPATH_SEARCH_PATHS = "$(inherited) @executable_path/Frameworks";
				PRODUCT_BUNDLE_IDENTIFIER = com.Childers.Hangman;
				PRODUCT_NAME = "$(TARGET_NAME)";
			};
			name = Release;
		};
/* End XCBuildConfiguration section */

/* Begin XCConfigurationList section */
		62E84E6F1CC017840095D85C /* Build configuration list for PBXProject "Hangman" */ = {
			isa = XCConfigurationList;
			buildConfigurations = (
				62E84E891CC017840095D85C /* Debug */,
				62E84E8A1CC017840095D85C /* Release */,
			);
			defaultConfigurationIsVisible = 0;
			defaultConfigurationName = Release;
		};
		62E84E8B1CC017840095D85C /* Build configuration list for PBXNativeTarget "Hangman" */ = {
			isa = XCConfigurationList;
			buildConfigurations = (
				62E84E8C1CC017840095D85C /* Debug */,
				62E84E8D1CC017840095D85C /* Release */,
			);
			defaultConfigurationIsVisible = 0;
		};
/* End XCConfigurationList section */
	};
	rootObject = 62E84E6C1CC017840095D85C /* Project object */;
}
